
Microsoft Visual Studio Solution File, Format Version 12.00
# Visual Studio Version 16
VisualStudioVersion = 16.0.30907.101
MinimumVisualStudioVersion = 10.0.40219.1
Project("{FAE04EC0-301F-11D3-BF4B-00C04F79EFBC}") = "DziennikMVC", "DziennikMVC\DziennikMVC.csproj", "{43EFAB84-3203-4660-8AFC-7366F2B7F30E}"
EndProject
Global
	GlobalSection(SolutionConfigurationPlatforms) = preSolution
		Debug|Any CPU = Debug|Any CPU
		Release|Any CPU = Release|Any CPU
	EndGlobalSection
	GlobalSection(ProjectConfigurationPlatforms) = postSolution
		{43EFAB84-3203-4660-8AFC-7366F2B7F30E}.Debug|Any CPU.ActiveCfg = Debug|Any CPU
		{43EFAB84-3203-4660-8AFC-7366F2B7F30E}.Debug|Any CPU.Build.0 = Debug|Any CPU
		{43EFAB84-3203-4660-8AFC-7366F2B7F30E}.Release|Any CPU.ActiveCfg = Release|Any CPU
		{43EFAB84-3203-4660-8AFC-7366F2B7F30E}.Release|Any CPU.Build.0 = Release|Any CPU
	EndGlobalSection
	GlobalSection(SolutionProperties) = preSolution
		HideSolutionNode = FALSE
	EndGlobalSection
	GlobalSection(ExtensibilityGlobals) = postSolution
		SolutionGuid = {08D71ECC-532B-4DA4-8C01-602B01E2EC5F}
	EndGlobalSection
EndGlobal
